
Microsoft Visual Studio Solution File, Format Version 12.00
# Visual Studio 15
VisualStudioVersion = 15.0.28307.1622
MinimumVisualStudioVersion = 10.0.40219.1
Project("{8BC9CEB8-8B4A-11D0-8D11-00A0C91BC942}") = "Cpp_Win32_To_WinRT", "Cpp_Win32_To_WinRT.vcxproj", "{E2344752-5AD9-4725-A0C1-7A1DD4C630CB}"
EndProject
Global
	GlobalSection(SolutionConfigurationPlatforms) = preSolution
		Debug|x64 = Debug|x64
		Debug|x86 = Debug|x86
		Release|x64 = Release|x64
		Release|x86 = Release|x86
	EndGlobalSection
	GlobalSection(ProjectConfigurationPlatforms) = postSolution
		{E2344752-5AD9-4725-A0C1-7A1DD4C630CB}.Debug|x64.ActiveCfg = Debug|x64
		{E2344752-5AD9-4725-A0C1-7A1DD4C630CB}.Debug|x64.Build.0 = Debug|x64
		{E2344752-5AD9-4725-A0C1-7A1DD4C630CB}.Debug|x86.ActiveCfg = Debug|Win32
		{E2344752-5AD9-4725-A0C1-7A1DD4C630CB}.Debug|x86.Build.0 = Debug|Win32
		{E2344752-5AD9-4725-A0C1-7A1DD4C630CB}.Release|x64.ActiveCfg = Release|x64
		{E2344752-5AD9-4725-A0C1-7A1DD4C630CB}.Release|x64.Build.0 = Release|x64
		{E2344752-5AD9-4725-A0C1-7A1DD4C630CB}.Release|x86.ActiveCfg = Release|Win32
		{E2344752-5AD9-4725-A0C1-7A1DD4C630CB}.Release|x86.Build.0 = Release|Win32
	EndGlobalSection
	GlobalSection(SolutionProperties) = preSolution
		HideSolutionNode = FALSE
	EndGlobalSection
	GlobalSection(ExtensibilityGlobals) = postSolution
		SolutionGuid = {5AB1FA91-ECA3-4FFD-BDA0-50A33F792E72}
	EndGlobalSection
EndGlobal
